# This file is automatically @generated by Cargo.
# It is not intended for manual editing.
version = 4

[[package]]
name = "tabos-kernel"
version = "0.1.0"
dependencies = [
 "tb-boot",
 "tb-hal",
]

[[package]]
name = "tb-boot"
version = "0.1.0"

[[package]]
name = "tb-caps-core"
version = "0.1.0"

[[package]]
name = "tb-hal"
version = "0.1.0"
dependencies = [
 "tb-boot",
 "tb-caps-core",
]
