# This file is automatically @generated by Cargo.
# It is not intended for manual editing.
version = 4

[[package]]
name = "brand"
version = "0.1.0"

[[package]]
name = "tb-boot"
version = "0.1.0"
dependencies = [
 "brand",
]

[[package]]
name = "tb-caps-core"
version = "0.1.0"

[[package]]
name = "tb-encode"
version = "0.1.0"
dependencies = [
 "brand",
]

[[package]]
name = "tb-hal"
version = "0.1.0"
dependencies = [
 "brand",
 "tb-boot",
 "tb-caps-core",
 "tb-encode",
]

[[package]]
name = "yuva-kernel"
version = "0.1.0"
dependencies = [
 "brand",
 "tb-boot",
 "tb-hal",
]
