# This file is automatically @generated by Cargo.
# It is not intended for manual editing.
version = 4

[[package]]
name = "brand"
version = "0.1.0"

[[package]]
name = "prov-signer"
version = "0.1.0"
dependencies = [
 "tb-encode",
]

[[package]]
name = "tb-encode"
version = "0.1.0"
dependencies = [
 "brand",
]
